
Microsoft Visual Studio Solution File, Format Version 12.00
# Visual Studio Version 17
VisualStudioVersion = 17.0.32112.339
MinimumVisualStudioVersion = 10.0.40219.1
Project("{9A19103F-16F7-4668-BE54-9A1E7A4F7556}") = "GeoLocator.Core", "src\GeoLocator.Core\GeoLocator.Core.csproj", "{0F6881C4-43CC-486F-916E-6779B530A433}"
EndProject
Project("{9A19103F-16F7-4668-BE54-9A1E7A4F7556}") = "GeoLocator.Infrastructure", "src\GeoLocator.Infrastructure\GeoLocator.Infrastructure.csproj", "{6DC5DD60-1D3B-4A24-B461-2C340FAC1A39}"
EndProject
Project("{2150E333-8FDC-42A3-9474-1A3956D46DE8}") = "src", "src", "{F9563764-473F-4C7E-AA10-9A7D115F365A}"
EndProject
Project("{2150E333-8FDC-42A3-9474-1A3956D46DE8}") = "tests", "tests", "{47A04594-D7CD-4510-9CE8-188CFC6C5831}"
EndProject
Project("{9A19103F-16F7-4668-BE54-9A1E7A4F7556}") = "GeoLocator.UnitTests", "tests\GeoLocator.UnitTests\GeoLocator.UnitTests.csproj", "{303FADCC-9E61-49E2-8462-589302FD1562}"
EndProject
Project("{9A19103F-16F7-4668-BE54-9A1E7A4F7556}") = "GeoLocator.IntegrationTests", "tests\GeoLocator.IntegrationTests\GeoLocator.IntegrationTests.csproj", "{AD8AFF9C-7551-43CD-A867-58CD778D0A44}"
EndProject
Project("{9A19103F-16F7-4668-BE54-9A1E7A4F7556}") = "GeoLocator.Web", "src\GeoLocator.Web\GeoLocator.Web.csproj", "{F52EA011-A568-418F-BACF-EA9B9F9096C4}"
EndProject
Project("{FAE04EC0-301F-11D3-BF4B-00C04F79EFBC}") = "GeoLocator.Shared", "src\GeoLocator.Shared\GeoLocator.Shared.csproj", "{7E6B5C45-3254-4116-A7FC-3F59DB8247CF}"
EndProject
Global
	GlobalSection(SolutionConfigurationPlatforms) = preSolution
		Debug|Any CPU = Debug|Any CPU
		Release|Any CPU = Release|Any CPU
	EndGlobalSection
	GlobalSection(ProjectConfigurationPlatforms) = postSolution
		{0F6881C4-43CC-486F-916E-6779B530A433}.Debug|Any CPU.ActiveCfg = Debug|Any CPU
		{0F6881C4-43CC-486F-916E-6779B530A433}.Debug|Any CPU.Build.0 = Debug|Any CPU
		{0F6881C4-43CC-486F-916E-6779B530A433}.Release|Any CPU.ActiveCfg = Release|Any CPU
		{0F6881C4-43CC-486F-916E-6779B530A433}.Release|Any CPU.Build.0 = Release|Any CPU
		{6DC5DD60-1D3B-4A24-B461-2C340FAC1A39}.Debug|Any CPU.ActiveCfg = Debug|Any CPU
		{6DC5DD60-1D3B-4A24-B461-2C340FAC1A39}.Debug|Any CPU.Build.0 = Debug|Any CPU
		{6DC5DD60-1D3B-4A24-B461-2C340FAC1A39}.Release|Any CPU.ActiveCfg = Release|Any CPU
		{6DC5DD60-1D3B-4A24-B461-2C340FAC1A39}.Release|Any CPU.Build.0 = Release|Any CPU
		{303FADCC-9E61-49E2-8462-589302FD1562}.Debug|Any CPU.ActiveCfg = Debug|Any CPU
		{303FADCC-9E61-49E2-8462-589302FD1562}.Debug|Any CPU.Build.0 = Debug|Any CPU
		{303FADCC-9E61-49E2-8462-589302FD1562}.Release|Any CPU.ActiveCfg = Release|Any CPU
		{303FADCC-9E61-49E2-8462-589302FD1562}.Release|Any CPU.Build.0 = Release|Any CPU
		{AD8AFF9C-7551-43CD-A867-58CD778D0A44}.Debug|Any CPU.ActiveCfg = Debug|Any CPU
		{AD8AFF9C-7551-43CD-A867-58CD778D0A44}.Debug|Any CPU.Build.0 = Debug|Any CPU
		{AD8AFF9C-7551-43CD-A867-58CD778D0A44}.Release|Any CPU.ActiveCfg = Release|Any CPU
		{AD8AFF9C-7551-43CD-A867-58CD778D0A44}.Release|Any CPU.Build.0 = Release|Any CPU
		{F52EA011-A568-418F-BACF-EA9B9F9096C4}.Debug|Any CPU.ActiveCfg = Debug|Any CPU
		{F52EA011-A568-418F-BACF-EA9B9F9096C4}.Debug|Any CPU.Build.0 = Debug|Any CPU
		{F52EA011-A568-418F-BACF-EA9B9F9096C4}.Release|Any CPU.ActiveCfg = Release|Any CPU
		{F52EA011-A568-418F-BACF-EA9B9F9096C4}.Release|Any CPU.Build.0 = Release|Any CPU
		{7E6B5C45-3254-4116-A7FC-3F59DB8247CF}.Debug|Any CPU.ActiveCfg = Debug|Any CPU
		{7E6B5C45-3254-4116-A7FC-3F59DB8247CF}.Debug|Any CPU.Build.0 = Debug|Any CPU
		{7E6B5C45-3254-4116-A7FC-3F59DB8247CF}.Release|Any CPU.ActiveCfg = Release|Any CPU
		{7E6B5C45-3254-4116-A7FC-3F59DB8247CF}.Release|Any CPU.Build.0 = Release|Any CPU
	EndGlobalSection
	GlobalSection(SolutionProperties) = preSolution
		HideSolutionNode = FALSE
	EndGlobalSection
	GlobalSection(NestedProjects) = preSolution
		{0F6881C4-43CC-486F-916E-6779B530A433} = {F9563764-473F-4C7E-AA10-9A7D115F365A}
		{6DC5DD60-1D3B-4A24-B461-2C340FAC1A39} = {F9563764-473F-4C7E-AA10-9A7D115F365A}
		{303FADCC-9E61-49E2-8462-589302FD1562} = {47A04594-D7CD-4510-9CE8-188CFC6C5831}
		{AD8AFF9C-7551-43CD-A867-58CD778D0A44} = {47A04594-D7CD-4510-9CE8-188CFC6C5831}
		{F52EA011-A568-418F-BACF-EA9B9F9096C4} = {F9563764-473F-4C7E-AA10-9A7D115F365A}
		{7E6B5C45-3254-4116-A7FC-3F59DB8247CF} = {F9563764-473F-4C7E-AA10-9A7D115F365A}
	EndGlobalSection
	GlobalSection(ExtensibilityGlobals) = postSolution
		SolutionGuid = {39E766CB-63EE-45CF-9D27-9F2C1BADC5C3}
	EndGlobalSection
EndGlobal
